{
    "_meta": {
        "hash": {
            "sha256": "9c1808e262d88702f47bbef8bd160dbef4bcb2c436bfb0f0afdc398a1b598749"
        },
        "pipfile-spec": 6,
        "requires": {
            "python_version": "3.7"
        },
        "sources": [
            {
                "name": "pypi",
                "url": "https://pypi.org/simple",
                "verify_ssl": true
            }
        ]
    },
    "default": {
        "attrdict": {
            "hashes": [
                "sha256:35c90698b55c683946091177177a9e9c0713a0860f0e049febd72649ccd77b70",
                "sha256:9432e3498c74ff7e1b20b3d93b45d766b71cbffa90923496f82c4ae38b92be34"
            ],
            "version": "==2.0.1"
        },
        "base58": {
            "hashes": [
                "sha256:171a547b4a3c61e1ae3807224a6f7aec75e364c4395e7562649d7335768001a2",
                "sha256:8225891d501b68c843ffe30b86371f844a21c6ba00da76f52f9b998ba771fb48"
            ],
            "version": "==2.1.0"
        },
        "certifi": {
            "hashes": [
                "sha256:2bbf76fd432960138b3ef6dda3dde0544f27cbf8546c458e60baf371917ba9ee",
                "sha256:50b1e4f8446b06f41be7dd6338db18e0990601dce795c2b1686458aa7e8fa7d8"
            ],
            "version": "==2021.5.30"
        },
        "chardet": {
            "hashes": [
                "sha256:0d6f53a15db4120f2b08c94f11e7d93d2c911ee118b6b30a04ec3ee8310179fa",
                "sha256:f864054d66fd9118f2e67044ac8981a54775ec5b67aed0441892edb553d21da5"
            ],
            "version": "==4.0.0"
        },
        "colorlog": {
            "hashes": [
                "sha256:4e6be13d9169254e2ded6526a6a4a1abb8ac564f2fa65b310a98e4ca5bea2c04",
                "sha256:f17c013a06962b02f4449ee07cfdbe6b287df29efc2c9a1515b4a376f4e588ea"
            ],
            "version": "==5.0.1"
        },
        "cytoolz": {
            "hashes": [
                "sha256:c64f3590c3eb40e1548f0d3c6b2ccde70493d0b8dc6cc7f9f3fec0bb3dcd4222"
            ],
            "markers": "implementation_name == 'cpython'",
            "version": "==0.11.0"
        },
        "energyweb": {
            "hashes": [
                "sha256:2512c04122fd974f80a8d1db66c0828e5f323dded3f85689c435cad34e9f9bf0"
            ],
            "index": "pypi",
            "version": "==0.3.9"
        },
        "eth-abi": {
            "hashes": [
                "sha256:04e64f739c6f6cb6aded3e7c8924cc49ffbb088ac53ad1786765747853f167b1",
                "sha256:2a898568fd85b8f162b89890695f7e08d7a53dec70ecdb6bea20c544241d8621"
            ],
            "version": "==1.3.0"
        },
        "eth-account": {
            "hashes": [
                "sha256:3b5b1735db5736c9bb59786256edb0e18ea912f0a3d835611abb0266aa71c0d1",
                "sha256:63d782e7d0db455d13b5d6f18df790895072fde49ed00f1c176ae11dfa87251b"
            ],
            "version": "==0.3.0"
        },
        "eth-hash": {
            "extras": [
                "pycryptodome"
            ],
            "hashes": [
                "sha256:a3bc7f1c12eb086525999de7f83b9e7ad39740b31f0f4eccb17377ed70de24dd",
                "sha256:aee46d9c43b98ac6d4ddf957cf75d4d0a5174ee814cc6b53dd6134dcedb459bf"
            ],
            "version": "==0.3.1"
        },
        "eth-keyfile": {
            "hashes": [
                "sha256:70d734af17efdf929a90bb95375f43522be4ed80c3b9e0a8bca575fb11cd1159",
                "sha256:939540efb503380bc30d926833e6a12b22c6750de80feef3720d79e5a79de47d"
            ],
            "version": "==0.5.1"
        },
        "eth-keys": {
            "hashes": [
                "sha256:d1cdcd6b2118edf5dcd112ba6efc4b187b028c5c7d6af6ca04d90b7af94a1c58",
                "sha256:e15a0140852552ec3eb07e9731e23d390aea4bae892022279af42ce32e9c2620"
            ],
            "version": "==0.2.4"
        },
        "eth-rlp": {
            "hashes": [
                "sha256:cc389ef8d7b6f76a98f90bcdbff1b8684b3a78f53d47e871191b50d4d6aee5a1",
                "sha256:f016f980b0ed42ee7650ba6e4e4d3c4e9aa06d8b9c6825a36d3afe5aa0187a8b"
            ],
            "version": "==0.2.1"
        },
        "eth-typing": {
            "hashes": [
                "sha256:1140c7592321dbf10d6663c46f7e43eb0e6410b011b03f14b3df3eb1f76aa9bb",
                "sha256:97ba0f83da7cf1d3668f6ed54983f21168076c552762bf5e06d4a20921877f3f"
            ],
            "version": "==2.2.2"
        },
        "eth-utils": {
            "hashes": [
                "sha256:74240a8c6f652d085ed3c85f5f1654203d2f10ff9062f83b3bad0a12ff321c7a",
                "sha256:bf82762a46978714190b0370265a7148c954d3f0adaa31c6f085ea375e4c61af"
            ],
            "version": "==1.10.0"
        },
        "hexbytes": {
            "hashes": [
                "sha256:123fcf397f52fc7eb34f43ca9a7930a6acfebcabe8ffaef6c7d3520c2356345a",
                "sha256:a093a5533aa63ca6614246fa97feb693b5813f9e736c38b68fe4e2d8fcc35aa5"
            ],
            "version": "==0.2.1"
        },
        "idna": {
            "hashes": [
                "sha256:b307872f855b18632ce0c21c5e45be78c0ea7ae4c15c828c20788b26921eb3f6",
                "sha256:b97d804b1e9b523befed77c48dacec60e6dcb0b5391d57af6a65a312a90648c0"
            ],
            "version": "==2.10"
        },
        "lru-dict": {
            "hashes": [
                "sha256:45b81f67d75341d4433abade799a47e9c42a9e22a118531dcb5e549864032d7c"
            ],
            "version": "==1.1.7"
        },
        "parsimonious": {
            "hashes": [
                "sha256:3add338892d580e0cb3b1a39e4a1b427ff9f687858fdd61097053742391a9f6b"
            ],
            "version": "==0.8.1"
        },
        "pycryptodome": {
            "hashes": [
                "sha256:09c1555a3fa450e7eaca41ea11cd00afe7c91fef52353488e65663777d8524e0",
                "sha256:12222a5edc9ca4a29de15fbd5339099c4c26c56e13c2ceddf0b920794f26165d",
                "sha256:1723ebee5561628ce96748501cdaa7afaa67329d753933296321f0be55358dce",
                "sha256:1c5e1ca507de2ad93474be5cfe2bfa76b7cf039a1a32fc196f40935944871a06",
                "sha256:2603c98ae04aac675fefcf71a6c87dc4bb74a75e9071ae3923bbc91a59f08d35",
                "sha256:2dea65df54349cdfa43d6b2e8edb83f5f8d6861e5cf7b1fbc3e34c5694c85e27",
                "sha256:31c1df17b3dc5f39600a4057d7db53ac372f492c955b9b75dd439f5d8b460129",
                "sha256:38661348ecb71476037f1e1f553159b80d256c00f6c0b00502acac891f7116d9",
                "sha256:3e2e3a06580c5f190df843cdb90ea28d61099cf4924334d5297a995de68e4673",
                "sha256:3f840c49d38986f6e17dbc0673d37947c88bc9d2d9dba1c01b979b36f8447db1",
                "sha256:501ab36aae360e31d0ec370cf5ce8ace6cb4112060d099b993bc02b36ac83fb6",
                "sha256:60386d1d4cfaad299803b45a5bc2089696eaf6cdd56f9fc17479a6f89595cfc8",
                "sha256:6260e24d41149268122dd39d4ebd5941e9d107f49463f7e071fd397e29923b0c",
                "sha256:6bbf7fee7b7948b29d7e71fcacf48bac0c57fb41332007061a933f2d996f9713",
                "sha256:6d2df5223b12437e644ce0a3be7809471ffa71de44ccd28b02180401982594a6",
                "sha256:758949ca62690b1540dfb24ad773c6da9cd0e425189e83e39c038bbd52b8e438",
                "sha256:77997519d8eb8a4adcd9a47b9cec18f9b323e296986528186c0e9a7a15d6a07e",
                "sha256:7fd519b89585abf57bf47d90166903ec7b43af4fe23c92273ea09e6336af5c07",
                "sha256:98213ac2b18dc1969a47bc65a79a8fca02a414249d0c8635abb081c7f38c91b6",
                "sha256:99b2f3fc51d308286071d0953f92055504a6ffe829a832a9fc7a04318a7683dd",
                "sha256:9b6f711b25e01931f1c61ce0115245a23cdc8b80bf8539ac0363bdcf27d649b6",
                "sha256:a3105a0eb63eacf98c2ecb0eb4aa03f77f40fbac2bdde22020bb8a536b226bb8",
                "sha256:a8eb8b6ea09ec1c2535bf39914377bc8abcab2c7d30fa9225eb4fe412024e427",
                "sha256:a92d5c414e8ee1249e850789052608f582416e82422502dc0ac8c577808a9067",
                "sha256:d3d6958d53ad307df5e8469cc44474a75393a434addf20ecd451f38a72fe29b8",
                "sha256:e0a4d5933a88a2c98bbe19c0c722f5483dc628d7a38338ac2cb64a7dbd34064b",
                "sha256:e3bf558c6aeb49afa9f0c06cee7fb5947ee5a1ff3bd794b653d39926b49077fa",
                "sha256:e61e363d9a5d7916f3a4ce984a929514c0df3daf3b1b2eb5e6edbb131ee771cf",
                "sha256:f977cdf725b20f6b8229b0c87acb98c7717e742ef9f46b113985303ae12a99da",
                "sha256:fc7489a50323a0df02378bc2fff86eb69d94cc5639914346c736be981c6a02e7"
            ],
            "version": "==3.10.1"
        },
        "requests": {
            "hashes": [
                "sha256:27973dd4a904a4f13b263a19c866c13b92a39ed1c964655f025f3f8d3d75b804",
                "sha256:c210084e36a42ae6b9219e00e48287def368a26d03a048ddad7bfee44f75871e"
            ],
            "version": "==2.25.1"
        },
        "rlp": {
            "hashes": [
                "sha256:52a57c9f53f03c88b189283734b397314288250cc4a3c4113e9e36e2ac6bdd16",
                "sha256:665e8312750b3fc5f7002e656d05b9dcb6e93b6063df40d95c49ad90c19d1f0e"
            ],
            "version": "==2.0.1"
        },
        "six": {
            "hashes": [
                "sha256:1e61c37477a1626458e36f7b1d82aa5c9b094fa4802892072e49de9c60c4c926",
                "sha256:8abb2f1d86890a2dfb989f9a77cfcfd3e47c2a354b01111771326f8aa26e0254"
            ],
            "version": "==1.16.0"
        },
        "toolz": {
            "hashes": [
                "sha256:1bc473acbf1a1db4e72a1ce587be347450e8f08324908b8a266b486f408f04d5",
                "sha256:c7a47921f07822fe534fb1c01c9931ab335a4390c782bd28c6bcc7c2f71f3fbf"
            ],
            "version": "==0.11.1"
        },
        "urllib3": {
            "hashes": [
                "sha256:753a0374df26658f99d826cfe40394a686d05985786d946fbe4165b5148f5a7c",
                "sha256:a7acd0977125325f516bda9735fa7142b909a8d01e8b2e4c8108d0984e6e0098"
            ],
            "index": "pypi",
            "version": "==1.26.5"
        },
        "web3": {
            "hashes": [
                "sha256:a75a344d8a35ff97a3f745e51012b4c9439f01bd145e5b513aaf4c84d7c942c8",
                "sha256:cea5c95094f954ad32eb7366fb8195c4362d688ddd0b469576107fd72d4772e1"
            ],
            "version": "==4.10.0"
        },
        "websockets": {
            "hashes": [
                "sha256:0e2f7d6567838369af074f0ef4d0b802d19fa1fee135d864acc656ceefa33136",
                "sha256:2a16dac282b2fdae75178d0ed3d5b9bc3258dabfae50196cbb30578d84b6f6a6",
                "sha256:5a1fa6072405648cb5b3688e9ed3b94be683ce4a4e5723e6f5d34859dee495c1",
                "sha256:5c1f55a1274df9d6a37553fef8cff2958515438c58920897675c9bc70f5a0538",
                "sha256:669d1e46f165e0ad152ed8197f7edead22854a6c90419f544e0f234cc9dac6c4",
                "sha256:695e34c4dbea18d09ab2c258994a8bf6a09564e762655408241f6a14592d2908",
                "sha256:6b2e03d69afa8d20253455e67b64de1a82ff8612db105113cccec35d3f8429f0",
                "sha256:79ca7cdda7ad4e3663ea3c43bfa8637fc5d5604c7737f19a8964781abbd1148d",
                "sha256:7fd2dd9a856f72e6ed06f82facfce01d119b88457cd4b47b7ae501e8e11eba9c",
                "sha256:82c0354ac39379d836719a77ee360ef865377aa6fdead87909d50248d0f05f4d",
                "sha256:8f3b956d11c5b301206382726210dc1d3bee1a9ccf7aadf895aaf31f71c3716c",
                "sha256:91ec98640220ae05b34b79ee88abf27f97ef7c61cf525eec57ea8fcea9f7dddb",
                "sha256:952be9540d83dba815569d5cb5f31708801e0bbfc3a8c5aef1890b57ed7e58bf",
                "sha256:99ac266af38ba1b1fe13975aea01ac0e14bb5f3a3200d2c69f05385768b8568e",
                "sha256:9fa122e7adb24232247f8a89f2d9070bf64b7869daf93ac5e19546b409e47e96",
                "sha256:a0873eadc4b8ca93e2e848d490809e0123eea154aa44ecd0109c4d0171869584",
                "sha256:cb998bd4d93af46b8b49ecf5a72c0a98e5cc6d57fdca6527ba78ad89d6606484",
                "sha256:e02e57346f6a68523e3c43bbdf35dde5c440318d1f827208ae455f6a2ace446d",
                "sha256:e79a5a896bcee7fff24a788d72e5c69f13e61369d055f28113e71945a7eb1559",
                "sha256:ee55eb6bcf23ecc975e6b47c127c201b913598f38b6a300075f84eeef2d3baff",
                "sha256:f1414e6cbcea8d22843e7eafdfdfae3dd1aba41d1945f6ca66e4806c07c4f454"
            ],
            "index": "pypi",
            "version": "==6.0"
        }
    },
    "develop": {}
}
